
Microsoft Visual Studio Solution File, Format Version 12.00
# Visual Studio Version 17
VisualStudioVersion = 17.14.36705.20 d17.14
MinimumVisualStudioVersion = 10.0.40219.1
Project("{FAE04EC0-301F-11D3-BF4B-00C04F79EFBC}") = "Project_PBO_Desktop", "Project_PBO_Desktop\Project_PBO_Desktop.csproj", "{F1DB1F66-0561-4090-BA30-3E80AC94B7AB}"
EndProject
Global
	GlobalSection(SolutionConfigurationPlatforms) = preSolution
		Debug|Any CPU = Debug|Any CPU
		Release|Any CPU = Release|Any CPU
	EndGlobalSection
	GlobalSection(ProjectConfigurationPlatforms) = postSolution
		{F1DB1F66-0561-4090-BA30-3E80AC94B7AB}.Debug|Any CPU.ActiveCfg = Debug|Any CPU
		{F1DB1F66-0561-4090-BA30-3E80AC94B7AB}.Debug|Any CPU.Build.0 = Debug|Any CPU
		{F1DB1F66-0561-4090-BA30-3E80AC94B7AB}.Release|Any CPU.ActiveCfg = Release|Any CPU
		{F1DB1F66-0561-4090-BA30-3E80AC94B7AB}.Release|Any CPU.Build.0 = Release|Any CPU
	EndGlobalSection
	GlobalSection(SolutionProperties) = preSolution
		HideSolutionNode = FALSE
	EndGlobalSection
	GlobalSection(ExtensibilityGlobals) = postSolution
		SolutionGuid = {6EDB89D4-0AB4-4B30-8A19-118338BA1520}
	EndGlobalSection
EndGlobal
